
Microsoft Visual Studio Solution File, Format Version 12.00
Project("{FAE04EC0-301F-11D3-BF4B-00C04F79EFBC}") = "CTBS.API", "CTBS.API\CTBS.API.csproj", "{99874AC6-BFAB-4041-8543-64A8EA01CE65}"
EndProject
Project("{FAE04EC0-301F-11D3-BF4B-00C04F79EFBC}") = "CTBS.Tests", "CTBS.Tests\CTBS.Tests.csproj", "{A5481223-39D2-4639-BFA1-5338D75F0F32}"
EndProject
Global
	GlobalSection(SolutionConfigurationPlatforms) = preSolution
		Debug|Any CPU = Debug|Any CPU
		Release|Any CPU = Release|Any CPU
	EndGlobalSection
	GlobalSection(ProjectConfigurationPlatforms) = postSolution
		{99874AC6-BFAB-4041-8543-64A8EA01CE65}.Debug|Any CPU.ActiveCfg = Debug|Any CPU
		{99874AC6-BFAB-4041-8543-64A8EA01CE65}.Debug|Any CPU.Build.0 = Debug|Any CPU
		{99874AC6-BFAB-4041-8543-64A8EA01CE65}.Release|Any CPU.ActiveCfg = Release|Any CPU
		{99874AC6-BFAB-4041-8543-64A8EA01CE65}.Release|Any CPU.Build.0 = Release|Any CPU
		{A5481223-39D2-4639-BFA1-5338D75F0F32}.Debug|Any CPU.ActiveCfg = Debug|Any CPU
		{A5481223-39D2-4639-BFA1-5338D75F0F32}.Debug|Any CPU.Build.0 = Debug|Any CPU
		{A5481223-39D2-4639-BFA1-5338D75F0F32}.Release|Any CPU.ActiveCfg = Release|Any CPU
		{A5481223-39D2-4639-BFA1-5338D75F0F32}.Release|Any CPU.Build.0 = Release|Any CPU
	EndGlobalSection
EndGlobal
